
Microsoft Visual Studio Solution File, Format Version 12.00
# Visual Studio Version 16
VisualStudioVersion = 16.0.30114.105
MinimumVisualStudioVersion = 10.0.40219.1
Project("{2150E333-8FDC-42A3-9474-1A3956D46DE8}") = "FNA", "FNA", "{1ABB1867-6C3A-4B96-A8C7-D303FD33EE1E}"
EndProject
Project("{FAE04EC0-301F-11D3-BF4B-00C04F79EFBC}") = "FNA", "FNA\FNA.csproj", "{35253CE1-C864-4CD3-8249-4D1319748E8F}"
EndProject
Project("{FAE04EC0-301F-11D3-BF4B-00C04F79EFBC}") = "HoloCure.NET", "HoloCure.NET\HoloCure.NET.csproj", "{F926D891-4D74-4285-A9F5-967750111442}"
EndProject
Project("{2150E333-8FDC-42A3-9474-1A3956D46DE8}") = "Project Files", "Project Files", "{96B2AD88-4166-48EE-B42B-5F430AFF43BD}"
	ProjectSection(SolutionItems) = preProject
		shared.targets = shared.targets
	EndProjectSection
EndProject
Project("{FAE04EC0-301F-11D3-BF4B-00C04F79EFBC}") = "HoloCure.NET.Desktop", "HoloCure.NET.Desktop\HoloCure.NET.Desktop.csproj", "{559B9094-B509-4BDA-8293-88B56144B705}"
EndProject
Project("{FAE04EC0-301F-11D3-BF4B-00C04F79EFBC}") = "HoloCure.Mod.Vanilla", "HoloCure.Mod.Vanilla\HoloCure.Mod.Vanilla.csproj", "{C6D55129-D07B-4FB9-8779-D50BF4CE6D19}"
EndProject
Project("{FAE04EC0-301F-11D3-BF4B-00C04F79EFBC}") = "HoloCure.Core", "HoloCure.Core\HoloCure.Core.csproj", "{82B7815B-0E4A-4E8A-8D00-E3A0688325C3}"
EndProject
Project("{FAE04EC0-301F-11D3-BF4B-00C04F79EFBC}") = "HoloCure.EventBus", "HoloCure.EventBus\HoloCure.EventBus.csproj", "{19D1982E-A479-48C3-8EA3-72F386F7D69C}"
EndProject
Project("{FAE04EC0-301F-11D3-BF4B-00C04F79EFBC}") = "HoloCure.Reflection", "HoloCure.Reflection\HoloCure.Reflection.csproj", "{D2A73581-7A33-40D5-A24F-0E72029188DB}"
EndProject
Project("{FAE04EC0-301F-11D3-BF4B-00C04F79EFBC}") = "HoloCure.Logging", "HoloCure.Logging\HoloCure.Logging.csproj", "{2F339BE8-E4C8-447B-BC96-615780C39FE3}"
EndProject
Project("{FAE04EC0-301F-11D3-BF4B-00C04F79EFBC}") = "HoloCure.Loader", "HoloCure.Loader\HoloCure.Loader.csproj", "{826AF775-4AF9-45A9-A568-CD63CE982108}"
EndProject
Project("{FAE04EC0-301F-11D3-BF4B-00C04F79EFBC}") = "HoloCure.Registry", "HoloCure.Registry\HoloCure.Registry.csproj", "{7A5A97B6-1A77-4F64-BB63-5D2D144E30F4}"
EndProject
Global
	GlobalSection(SolutionConfigurationPlatforms) = preSolution
		Debug|Any CPU = Debug|Any CPU
		Release|Any CPU = Release|Any CPU
	EndGlobalSection
	GlobalSection(SolutionProperties) = preSolution
		HideSolutionNode = FALSE
	EndGlobalSection
	GlobalSection(NestedProjects) = preSolution
		{35253CE1-C864-4CD3-8249-4D1319748E8F} = {1ABB1867-6C3A-4B96-A8C7-D303FD33EE1E}
	EndGlobalSection
	GlobalSection(ProjectConfigurationPlatforms) = postSolution
		{35253CE1-C864-4CD3-8249-4D1319748E8F}.Debug|Any CPU.ActiveCfg = Debug|Any CPU
		{35253CE1-C864-4CD3-8249-4D1319748E8F}.Debug|Any CPU.Build.0 = Debug|Any CPU
		{35253CE1-C864-4CD3-8249-4D1319748E8F}.Release|Any CPU.ActiveCfg = Release|Any CPU
		{35253CE1-C864-4CD3-8249-4D1319748E8F}.Release|Any CPU.Build.0 = Release|Any CPU
		{F926D891-4D74-4285-A9F5-967750111442}.Debug|Any CPU.ActiveCfg = Debug|Any CPU
		{F926D891-4D74-4285-A9F5-967750111442}.Debug|Any CPU.Build.0 = Debug|Any CPU
		{F926D891-4D74-4285-A9F5-967750111442}.Release|Any CPU.ActiveCfg = Release|Any CPU
		{F926D891-4D74-4285-A9F5-967750111442}.Release|Any CPU.Build.0 = Release|Any CPU
		{559B9094-B509-4BDA-8293-88B56144B705}.Debug|Any CPU.ActiveCfg = Debug|Any CPU
		{559B9094-B509-4BDA-8293-88B56144B705}.Debug|Any CPU.Build.0 = Debug|Any CPU
		{559B9094-B509-4BDA-8293-88B56144B705}.Release|Any CPU.ActiveCfg = Release|Any CPU
		{559B9094-B509-4BDA-8293-88B56144B705}.Release|Any CPU.Build.0 = Release|Any CPU
		{C6D55129-D07B-4FB9-8779-D50BF4CE6D19}.Debug|Any CPU.ActiveCfg = Debug|Any CPU
		{C6D55129-D07B-4FB9-8779-D50BF4CE6D19}.Debug|Any CPU.Build.0 = Debug|Any CPU
		{C6D55129-D07B-4FB9-8779-D50BF4CE6D19}.Release|Any CPU.ActiveCfg = Release|Any CPU
		{C6D55129-D07B-4FB9-8779-D50BF4CE6D19}.Release|Any CPU.Build.0 = Release|Any CPU
		{82B7815B-0E4A-4E8A-8D00-E3A0688325C3}.Debug|Any CPU.ActiveCfg = Debug|Any CPU
		{82B7815B-0E4A-4E8A-8D00-E3A0688325C3}.Debug|Any CPU.Build.0 = Debug|Any CPU
		{82B7815B-0E4A-4E8A-8D00-E3A0688325C3}.Release|Any CPU.ActiveCfg = Release|Any CPU
		{82B7815B-0E4A-4E8A-8D00-E3A0688325C3}.Release|Any CPU.Build.0 = Release|Any CPU
		{19D1982E-A479-48C3-8EA3-72F386F7D69C}.Debug|Any CPU.ActiveCfg = Debug|Any CPU
		{19D1982E-A479-48C3-8EA3-72F386F7D69C}.Debug|Any CPU.Build.0 = Debug|Any CPU
		{19D1982E-A479-48C3-8EA3-72F386F7D69C}.Release|Any CPU.ActiveCfg = Release|Any CPU
		{19D1982E-A479-48C3-8EA3-72F386F7D69C}.Release|Any CPU.Build.0 = Release|Any CPU
		{D2A73581-7A33-40D5-A24F-0E72029188DB}.Debug|Any CPU.ActiveCfg = Debug|Any CPU
		{D2A73581-7A33-40D5-A24F-0E72029188DB}.Debug|Any CPU.Build.0 = Debug|Any CPU
		{D2A73581-7A33-40D5-A24F-0E72029188DB}.Release|Any CPU.ActiveCfg = Release|Any CPU
		{D2A73581-7A33-40D5-A24F-0E72029188DB}.Release|Any CPU.Build.0 = Release|Any CPU
		{2F339BE8-E4C8-447B-BC96-615780C39FE3}.Debug|Any CPU.ActiveCfg = Debug|Any CPU
		{2F339BE8-E4C8-447B-BC96-615780C39FE3}.Debug|Any CPU.Build.0 = Debug|Any CPU
		{2F339BE8-E4C8-447B-BC96-615780C39FE3}.Release|Any CPU.ActiveCfg = Release|Any CPU
		{2F339BE8-E4C8-447B-BC96-615780C39FE3}.Release|Any CPU.Build.0 = Release|Any CPU
		{826AF775-4AF9-45A9-A568-CD63CE982108}.Debug|Any CPU.ActiveCfg = Debug|Any CPU
		{826AF775-4AF9-45A9-A568-CD63CE982108}.Debug|Any CPU.Build.0 = Debug|Any CPU
		{826AF775-4AF9-45A9-A568-CD63CE982108}.Release|Any CPU.ActiveCfg = Release|Any CPU
		{826AF775-4AF9-45A9-A568-CD63CE982108}.Release|Any CPU.Build.0 = Release|Any CPU
		{7A5A97B6-1A77-4F64-BB63-5D2D144E30F4}.Debug|Any CPU.ActiveCfg = Debug|Any CPU
		{7A5A97B6-1A77-4F64-BB63-5D2D144E30F4}.Debug|Any CPU.Build.0 = Debug|Any CPU
		{7A5A97B6-1A77-4F64-BB63-5D2D144E30F4}.Release|Any CPU.ActiveCfg = Release|Any CPU
		{7A5A97B6-1A77-4F64-BB63-5D2D144E30F4}.Release|Any CPU.Build.0 = Release|Any CPU
	EndGlobalSection
EndGlobal
